# THIS IS AN AUTOGENERATED FILE. DO NOT EDIT THIS FILE DIRECTLY.
# yarn lockfile v1


"@noshot/env@^2.0.0":
  version "2.0.0"
  resolved "https://registry.yarnpkg.com/@noshot/env/-/env-2.0.0.tgz#3879f86db4d2f3c66d060098c1edf8864ca1c55a"
  integrity sha512-295i9M6U/GVJywTvwdPleZNXAV8v/ROu4c2RyEOuRkdnMHBvgsYtjoXVJfQ7VzzgH/7TlqAbh9QtLj8iwnR26A==
